
Microsoft Visual Studio Solution File, Format Version 12.00
# Visual Studio Version 16
VisualStudioVersion = 16.0.29920.165
MinimumVisualStudioVersion = 10.0.40219.1
Project("{2150E333-8FDC-42A3-9474-1A3956D46DE8}") = ".nuget", ".nuget", "{B9148EB1-044F-442C-AC23-B6ADD1E3FB2E}"
	ProjectSection(SolutionItems) = preProject
		.nuget\NuGet.Config = .nuget\NuGet.Config
		.nuget\NuGet.exe = .nuget\NuGet.exe
		.nuget\NuGet.targets = .nuget\NuGet.targets
	EndProjectSection
EndProject
Project("{9A19103F-16F7-4668-BE54-9A1E7A4F7556}") = "DbContextScope", "EntityFramework.DbContextScope\DbContextScope.csproj", "{32987795-9195-4193-8178-0C1270041E60}"
EndProject
Global
	GlobalSection(SolutionConfigurationPlatforms) = preSolution
		Debug|Any CPU = Debug|Any CPU
		Release|Any CPU = Release|Any CPU
	EndGlobalSection
	GlobalSection(ProjectConfigurationPlatforms) = postSolution
		{32987795-9195-4193-8178-0C1270041E60}.Debug|Any CPU.ActiveCfg = Debug|Any CPU
		{32987795-9195-4193-8178-0C1270041E60}.Debug|Any CPU.Build.0 = Debug|Any CPU
		{32987795-9195-4193-8178-0C1270041E60}.Release|Any CPU.ActiveCfg = Release|Any CPU
		{32987795-9195-4193-8178-0C1270041E60}.Release|Any CPU.Build.0 = Release|Any CPU
	EndGlobalSection
	GlobalSection(SolutionProperties) = preSolution
		HideSolutionNode = FALSE
	EndGlobalSection
	GlobalSection(ExtensibilityGlobals) = postSolution
		SolutionGuid = {A7346C88-B410-4986-8D2F-343EF577B3D8}
	EndGlobalSection
EndGlobal
